
Microsoft Visual Studio Solution File, Format Version 12.00
# Visual Studio Version 17
VisualStudioVersion = 17.3.32825.248
MinimumVisualStudioVersion = 10.0.40219.1
Project("{FAE04EC0-301F-11D3-BF4B-00C04F79EFBC}") = "testGB1", "testGB1\testGB1.csproj", "{309F2C8E-63C3-48E0-A7D2-88779454F810}"
EndProject
Global
	GlobalSection(SolutionConfigurationPlatforms) = preSolution
		Debug|Any CPU = Debug|Any CPU
		Release|Any CPU = Release|Any CPU
	EndGlobalSection
	GlobalSection(ProjectConfigurationPlatforms) = postSolution
		{309F2C8E-63C3-48E0-A7D2-88779454F810}.Debug|Any CPU.ActiveCfg = Debug|Any CPU
		{309F2C8E-63C3-48E0-A7D2-88779454F810}.Debug|Any CPU.Build.0 = Debug|Any CPU
		{309F2C8E-63C3-48E0-A7D2-88779454F810}.Release|Any CPU.ActiveCfg = Release|Any CPU
		{309F2C8E-63C3-48E0-A7D2-88779454F810}.Release|Any CPU.Build.0 = Release|Any CPU
	EndGlobalSection
	GlobalSection(SolutionProperties) = preSolution
		HideSolutionNode = FALSE
	EndGlobalSection
	GlobalSection(ExtensibilityGlobals) = postSolution
		SolutionGuid = {4BBD6B5E-B5AA-44BC-BD15-96C5F6192F46}
	EndGlobalSection
EndGlobal
